
Microsoft Visual Studio Solution File, Format Version 12.00
# Visual Studio 15
VisualStudioVersion = 15.0.28307.1800
MinimumVisualStudioVersion = 10.0.40219.1
Project("{FAE04EC0-301F-11D3-BF4B-00C04F79EFBC}") = "Chapter2", "WebApplication1\Chapter2.csproj", "{B0588BF8-DE3B-4C96-8BB7-6F9B29BBB4AB}"
EndProject
Global
	GlobalSection(SolutionConfigurationPlatforms) = preSolution
		Debug|Any CPU = Debug|Any CPU
		Release|Any CPU = Release|Any CPU
	EndGlobalSection
	GlobalSection(ProjectConfigurationPlatforms) = postSolution
		{B0588BF8-DE3B-4C96-8BB7-6F9B29BBB4AB}.Debug|Any CPU.ActiveCfg = Debug|Any CPU
		{B0588BF8-DE3B-4C96-8BB7-6F9B29BBB4AB}.Debug|Any CPU.Build.0 = Debug|Any CPU
		{B0588BF8-DE3B-4C96-8BB7-6F9B29BBB4AB}.Release|Any CPU.ActiveCfg = Release|Any CPU
		{B0588BF8-DE3B-4C96-8BB7-6F9B29BBB4AB}.Release|Any CPU.Build.0 = Release|Any CPU
	EndGlobalSection
	GlobalSection(SolutionProperties) = preSolution
		HideSolutionNode = FALSE
	EndGlobalSection
	GlobalSection(ExtensibilityGlobals) = postSolution
		SolutionGuid = {B53F2C27-BB20-4A43-B687-A002CDD58E3D}
	EndGlobalSection
EndGlobal
