
Microsoft Visual Studio Solution File, Format Version 12.00
# Visual Studio 15
VisualStudioVersion = 15.0.28307.1800
MinimumVisualStudioVersion = 10.0.40219.1
Project("{FAE04EC0-301F-11D3-BF4B-00C04F79EFBC}") = "WebApiService", "WebApiService\WebApiService.csproj", "{65A1DE56-2258-4451-A664-9B6B435988F5}"
EndProject
Global
	GlobalSection(SolutionConfigurationPlatforms) = preSolution
		Debug|Any CPU = Debug|Any CPU
		Release|Any CPU = Release|Any CPU
	EndGlobalSection
	GlobalSection(ProjectConfigurationPlatforms) = postSolution
		{65A1DE56-2258-4451-A664-9B6B435988F5}.Debug|Any CPU.ActiveCfg = Debug|Any CPU
		{65A1DE56-2258-4451-A664-9B6B435988F5}.Debug|Any CPU.Build.0 = Debug|Any CPU
		{65A1DE56-2258-4451-A664-9B6B435988F5}.Release|Any CPU.ActiveCfg = Release|Any CPU
		{65A1DE56-2258-4451-A664-9B6B435988F5}.Release|Any CPU.Build.0 = Release|Any CPU
	EndGlobalSection
	GlobalSection(SolutionProperties) = preSolution
		HideSolutionNode = FALSE
	EndGlobalSection
	GlobalSection(ExtensibilityGlobals) = postSolution
		SolutionGuid = {BF6D66C6-CE07-4184-A34B-928213431DC5}
	EndGlobalSection
EndGlobal
