
Microsoft Visual Studio Solution File, Format Version 12.00
# Visual Studio 15
VisualStudioVersion = 15.0.28307.1800
MinimumVisualStudioVersion = 10.0.40219.1
Project("{FAE04EC0-301F-11D3-BF4B-00C04F79EFBC}") = "MvcCharting", "MvcCharting\MvcCharting.csproj", "{68162BF3-CBC9-43EC-99CD-6DCEE61B0D14}"
EndProject
Global
	GlobalSection(SolutionConfigurationPlatforms) = preSolution
		Debug|Any CPU = Debug|Any CPU
		Release|Any CPU = Release|Any CPU
	EndGlobalSection
	GlobalSection(ProjectConfigurationPlatforms) = postSolution
		{68162BF3-CBC9-43EC-99CD-6DCEE61B0D14}.Debug|Any CPU.ActiveCfg = Debug|Any CPU
		{68162BF3-CBC9-43EC-99CD-6DCEE61B0D14}.Debug|Any CPU.Build.0 = Debug|Any CPU
		{68162BF3-CBC9-43EC-99CD-6DCEE61B0D14}.Release|Any CPU.ActiveCfg = Release|Any CPU
		{68162BF3-CBC9-43EC-99CD-6DCEE61B0D14}.Release|Any CPU.Build.0 = Release|Any CPU
	EndGlobalSection
	GlobalSection(SolutionProperties) = preSolution
		HideSolutionNode = FALSE
	EndGlobalSection
	GlobalSection(ExtensibilityGlobals) = postSolution
		SolutionGuid = {34962BBF-3FBB-4B95-8B28-38DCB5EDD064}
	EndGlobalSection
EndGlobal
