
Microsoft Visual Studio Solution File, Format Version 12.00
# Visual Studio 15
VisualStudioVersion = 15.0.28307.1800
MinimumVisualStudioVersion = 10.0.40219.1
Project("{FAE04EC0-301F-11D3-BF4B-00C04F79EFBC}") = "Razor", "Razor\Razor.csproj", "{EE833C64-E7E6-403B-8BFC-93374222C7CB}"
EndProject
Global
	GlobalSection(SolutionConfigurationPlatforms) = preSolution
		Debug|Any CPU = Debug|Any CPU
		Release|Any CPU = Release|Any CPU
	EndGlobalSection
	GlobalSection(ProjectConfigurationPlatforms) = postSolution
		{EE833C64-E7E6-403B-8BFC-93374222C7CB}.Debug|Any CPU.ActiveCfg = Debug|Any CPU
		{EE833C64-E7E6-403B-8BFC-93374222C7CB}.Debug|Any CPU.Build.0 = Debug|Any CPU
		{EE833C64-E7E6-403B-8BFC-93374222C7CB}.Release|Any CPU.ActiveCfg = Release|Any CPU
		{EE833C64-E7E6-403B-8BFC-93374222C7CB}.Release|Any CPU.Build.0 = Release|Any CPU
	EndGlobalSection
	GlobalSection(SolutionProperties) = preSolution
		HideSolutionNode = FALSE
	EndGlobalSection
	GlobalSection(ExtensibilityGlobals) = postSolution
		SolutionGuid = {22EA62CF-5C71-47CD-8163-5B0EB9EF765A}
	EndGlobalSection
EndGlobal
